// !$*UTF8*$!
{
	archiveVersion = 1;
	classes = {
	};
	objectVersion = 46;
	objects = {

/* Begin PBXBuildFile section */
		5276458B1CBD061100740D77 /* main.m in Sources */ = {isa = PBXBuildFile; fileRef = 5276458A1CBD061100740D77 /* main.m */; };
		5276458E1CBD061100740D77 /* AppDelegate.m in Sources */ = {isa = PBXBuildFile; fileRef = 5276458D1CBD061100740D77 /* AppDelegate.m */; };
		527645911CBD061100740D77 /* ViewController.m in Sources */ = {isa = PBXBuildFile; fileRef = 527645901CBD061100740D77 /* ViewController.m */; };
		527645941CBD061100740D77 /* Main.storyboard in Resources */ = {isa = PBXBuildFile; fileRef = 527645921CBD061100740D77 /* Main.storyboard */; };
		527645961CBD061100740D77 /* Assets.xcassets in Resources */ = {isa = PBXBuildFile; fileRef = 527645951CBD061100740D77 /* Assets.xcassets */; };
		527645991CBD061100740D77 /* LaunchScreen.storyboard in Resources */ = {isa = PBXBuildFile; fileRef = 527645971CBD061100740D77 /* LaunchScreen.storyboard */; };
		527645A41CBD061100740D77 /* CustomPickerUsingThreeLabelsTests.m in Sources */ = {isa = PBXBuildFile; fileRef = 527645A31CBD061100740D77 /* CustomPickerUsingThreeLabelsTests.m */; };
		527645AF1CBD061100740D77 /* CustomPickerUsingThreeLabelsUITests.m in Sources */ = {isa = PBXBuildFile; fileRef = 527645AE1CBD061100740D77 /* CustomPickerUsingThreeLabelsUITests.m */; };
/* End PBXBuildFile section */

/* Begin PBXContainerItemProxy section */
		527645A01CBD061100740D77 /* PBXContainerItemProxy */ = {
			isa = PBXContainerItemProxy;
			containerPortal = 5276457E1CBD061100740D77 /* Project object */;
			proxyType = 1;
			remoteGlobalIDString = 527645851CBD061100740D77;
			remoteInfo = CustomPickerUsingThreeLabels;
		};
		527645AB1CBD061100740D77 /* PBXContainerItemProxy */ = {
			isa = PBXContainerItemProxy;
			containerPortal = 5276457E1CBD061100740D77 /* Project object */;
			proxyType = 1;
			remoteGlobalIDString = 527645851CBD061100740D77;
			remoteInfo = CustomPickerUsingThreeLabels;
		};
/* End PBXContainerItemProxy section */

/* Begin PBXFileReference section */
		527645861CBD061100740D77 /* CustomPickerUsingThreeLabels.app */ = {isa = PBXFileReference; explicitFileType = wrapper.application; includeInIndex = 0; path = CustomPickerUsingThreeLabels.app; sourceTree = BUILT_PRODUCTS_DIR; };
		5276458A1CBD061100740D77 /* main.m */ = {isa = PBXFileReference; lastKnownFileType = sourcecode.c.objc; path = main.m; sourceTree = "<group>"; };
		5276458C1CBD061100740D77 /* AppDelegate.h */ = {isa = PBXFileReference; lastKnownFileType = sourcecode.c.h; path = AppDelegate.h; sourceTree = "<group>"; };
		5276458D1CBD061100740D77 /* AppDelegate.m */ = {isa = PBXFileReference; lastKnownFileType = sourcecode.c.objc; path = AppDelegate.m; sourceTree = "<group>"; };
		5276458F1CBD061100740D77 /* ViewController.h */ = {isa = PBXFileReference; lastKnownFileType = sourcecode.c.h; path = ViewController.h; sourceTree = "<group>"; };
		527645901CBD061100740D77 /* ViewController.m */ = {isa = PBXFileReference; lastKnownFileType = sourcecode.c.objc; path = ViewController.m; sourceTree = "<group>"; };
		527645931CBD061100740D77 /* Base */ = {isa = PBXFileReference; lastKnownFileType = file.storyboard; name = Base; path = Base.lproj/Main.storyboard; sourceTree = "<group>"; };
		527645951CBD061100740D77 /* Assets.xcassets */ = {isa = PBXFileReference; lastKnownFileType = folder.assetcatalog; path = Assets.xcassets; sourceTree = "<group>"; };
		527645981CBD061100740D77 /* Base */ = {isa = PBXFileReference; lastKnownFileType = file.storyboard; name = Base; path = Base.lproj/LaunchScreen.storyboard; sourceTree = "<group>"; };
		5276459A1CBD061100740D77 /* Info.plist */ = {isa = PBXFileReference; lastKnownFileType = text.plist.xml; path = Info.plist; sourceTree = "<group>"; };
		5276459F1CBD061100740D77 /* CustomPickerUsingThreeLabelsTests.xctest */ = {isa = PBXFileReference; explicitFileType = wrapper.cfbundle; includeInIndex = 0; path = CustomPickerUsingThreeLabelsTests.xctest; sourceTree = BUILT_PRODUCTS_DIR; };
		527645A31CBD061100740D77 /* CustomPickerUsingThreeLabelsTests.m */ = {isa = PBXFileReference; lastKnownFileType = sourcecode.c.objc; path = CustomPickerUsingThreeLabelsTests.m; sourceTree = "<group>"; };
		527645A51CBD061100740D77 /* Info.plist */ = {isa = PBXFileReference; lastKnownFileType = text.plist.xml; path = Info.plist; sourceTree = "<group>"; };
		527645AA1CBD061100740D77 /* CustomPickerUsingThreeLabelsUITests.xctest */ = {isa = PBXFileReference; explicitFileType = wrapper.cfbundle; includeInIndex = 0; path = CustomPickerUsingThreeLabelsUITests.xctest; sourceTree = BUILT_PRODUCTS_DIR; };
		527645AE1CBD061100740D77 /* CustomPickerUsingThreeLabelsUITests.m */ = {isa = PBXFileReference; lastKnownFileType = sourcecode.c.objc; path = CustomPickerUsingThreeLabelsUITests.m; sourceTree = "<group>"; };
		527645B01CBD061100740D77 /* Info.plist */ = {isa = PBXFileReference; lastKnownFileType = text.plist.xml; path = Info.plist; sourceTree = "<group>"; };
/* End PBXFileReference section */

/* Begin PBXFrameworksBuildPhase section */
		527645831CBD061100740D77 /* Frameworks */ = {
			isa = PBXFrameworksBuildPhase;
			buildActionMask = 2147483647;
			files = (
			);
			runOnlyForDeploymentPostprocessing = 0;
		};
		5276459C1CBD061100740D77 /* Frameworks */ = {
			isa = PBXFrameworksBuildPhase;
			buildActionMask = 2147483647;
			files = (
			);
			runOnlyForDeploymentPostprocessing = 0;
		};
		527645A71CBD061100740D77 /* Frameworks */ = {
			isa = PBXFrameworksBuildPhase;
			buildActionMask = 2147483647;
			files = (
			);
			runOnlyForDeploymentPostprocessing = 0;
		};
/* End PBXFrameworksBuildPhase section */

/* Begin PBXGroup section */
		5276457D1CBD061100740D77 = {
			isa = PBXGroup;
			children = (
				527645881CBD061100740D77 /* CustomPickerUsingThreeLabels */,
				527645A21CBD061100740D77 /* CustomPickerUsingThreeLabelsTests */,
				527645AD1CBD061100740D77 /* CustomPickerUsingThreeLabelsUITests */,
				527645871CBD061100740D77 /* Products */,
			);
			sourceTree = "<group>";
		};
		527645871CBD061100740D77 /* Products */ = {
			isa = PBXGroup;
			children = (
				527645861CBD061100740D77 /* CustomPickerUsingThreeLabels.app */,
				5276459F1CBD061100740D77 /* CustomPickerUsingThreeLabelsTests.xctest */,
				527645AA1CBD061100740D77 /* CustomPickerUsingThreeLabelsUITests.xctest */,
			);
			name = Products;
			sourceTree = "<group>";
		};
		527645881CBD061100740D77 /* CustomPickerUsingThreeLabels */ = {
			isa = PBXGroup;
			children = (
				5276458C1CBD061100740D77 /* AppDelegate.h */,
				5276458D1CBD061100740D77 /* AppDelegate.m */,
				5276458F1CBD061100740D77 /* ViewController.h */,
				527645901CBD061100740D77 /* ViewController.m */,
				527645921CBD061100740D77 /* Main.storyboard */,
				527645951CBD061100740D77 /* Assets.xcassets */,
				527645971CBD061100740D77 /* LaunchScreen.storyboard */,
				5276459A1CBD061100740D77 /* Info.plist */,
				527645891CBD061100740D77 /* Supporting Files */,
			);
			path = CustomPickerUsingThreeLabels;
			sourceTree = "<group>";
		};
		527645891CBD061100740D77 /* Supporting Files */ = {
			isa = PBXGroup;
			children = (
				5276458A1CBD061100740D77 /* main.m */,
			);
			name = "Supporting Files";
			sourceTree = "<group>";
		};
		527645A21CBD061100740D77 /* CustomPickerUsingThreeLabelsTests */ = {
			isa = PBXGroup;
			children = (
				527645A31CBD061100740D77 /* CustomPickerUsingThreeLabelsTests.m */,
				527645A51CBD061100740D77 /* Info.plist */,
			);
			path = CustomPickerUsingThreeLabelsTests;
			sourceTree = "<group>";
		};
		527645AD1CBD061100740D77 /* CustomPickerUsingThreeLabelsUITests */ = {
			isa = PBXGroup;
			children = (
				527645AE1CBD061100740D77 /* CustomPickerUsingThreeLabelsUITests.m */,
				527645B01CBD061100740D77 /* Info.plist */,
			);
			path = CustomPickerUsingThreeLabelsUITests;
			sourceTree = "<group>";
		};
/* End PBXGroup section */

/* Begin PBXNativeTarget section */
		527645851CBD061100740D77 /* CustomPickerUsingThreeLabels */ = {
			isa = PBXNativeTarget;
			buildConfigurationList = 527645B31CBD061100740D77 /* Build configuration list for PBXNativeTarget "CustomPickerUsingThreeLabels" */;
			buildPhases = (
				527645821CBD061100740D77 /* Sources */,
				527645831CBD061100740D77 /* Frameworks */,
				527645841CBD061100740D77 /* Resources */,
			);
			buildRules = (
			);
			dependencies = (
			);
			name = CustomPickerUsingThreeLabels;
			productName = CustomPickerUsingThreeLabels;
			productReference = 527645861CBD061100740D77 /* CustomPickerUsingThreeLabels.app */;
			productType = "com.apple.product-type.application";
		};
		5276459E1CBD061100740D77 /* CustomPickerUsingThreeLabelsTests */ = {
			isa = PBXNativeTarget;
			buildConfigurationList = 527645B61CBD061100740D77 /* Build configuration list for PBXNativeTarget "CustomPickerUsingThreeLabelsTests" */;
			buildPhases = (
				5276459B1CBD061100740D77 /* Sources */,
				5276459C1CBD061100740D77 /* Frameworks */,
				5276459D1CBD061100740D77 /* Resources */,
			);
			buildRules = (
			);
			dependencies = (
				527645A11CBD061100740D77 /* PBXTargetDependency */,
			);
			name = CustomPickerUsingThreeLabelsTests;
			productName = CustomPickerUsingThreeLabelsTests;
			productReference = 5276459F1CBD061100740D77 /* CustomPickerUsingThreeLabelsTests.xctest */;
			productType = "com.apple.product-type.bundle.unit-test";
		};
		527645A91CBD061100740D77 /* CustomPickerUsingThreeLabelsUITests */ = {
			isa = PBXNativeTarget;
			buildConfigurationList = 527645B91CBD061100740D77 /* Build configuration list for PBXNativeTarget "CustomPickerUsingThreeLabelsUITests" */;
			buildPhases = (
				527645A61CBD061100740D77 /* Sources */,
				527645A71CBD061100740D77 /* Frameworks */,
				527645A81CBD061100740D77 /* Resources */,
			);
			buildRules = (
			);
			dependencies = (
				527645AC1CBD061100740D77 /* PBXTargetDependency */,
			);
			name = CustomPickerUsingThreeLabelsUITests;
			productName = CustomPickerUsingThreeLabelsUITests;
			productReference = 527645AA1CBD061100740D77 /* CustomPickerUsingThreeLabelsUITests.xctest */;
			productType = "com.apple.product-type.bundle.ui-testing";
		};
/* End PBXNativeTarget section */

/* Begin PBXProject section */
		5276457E1CBD061100740D77 /* Project object */ = {
			isa = PBXProject;
			attributes = {
				LastUpgradeCheck = 0730;
				ORGANIZATIONNAME = com.NeoRays;
				TargetAttributes = {
					527645851CBD061100740D77 = {
						CreatedOnToolsVersion = 7.3;
					};
					5276459E1CBD061100740D77 = {
						CreatedOnToolsVersion = 7.3;
						TestTargetID = 527645851CBD061100740D77;
					};
					527645A91CBD061100740D77 = {
						CreatedOnToolsVersion = 7.3;
						TestTargetID = 527645851CBD061100740D77;
					};
				};
			};
			buildConfigurationList = 527645811CBD061100740D77 /* Build configuration list for PBXProject "CustomPickerUsingThreeLabels" */;
			compatibilityVersion = "Xcode 3.2";
			developmentRegion = English;
			hasScannedForEncodings = 0;
			knownRegions = (
				en,
				Base,
			);
			mainGroup = 5276457D1CBD061100740D77;
			productRefGroup = 527645871CBD061100740D77 /* Products */;
			projectDirPath = "";
			projectRoot = "";
			targets = (
				527645851CBD061100740D77 /* CustomPickerUsingThreeLabels */,
				5276459E1CBD061100740D77 /* CustomPickerUsingThreeLabelsTests */,
				527645A91CBD061100740D77 /* CustomPickerUsingThreeLabelsUITests */,
			);
		};
/* End PBXProject section */

/* Begin PBXResourcesBuildPhase section */
		527645841CBD061100740D77 /* Resources */ = {
			isa = PBXResourcesBuildPhase;
			buildActionMask = 2147483647;
			files = (
				527645991CBD061100740D77 /* LaunchScreen.storyboard in Resources */,
				527645961CBD061100740D77 /* Assets.xcassets in Resources */,
				527645941CBD061100740D77 /* Main.storyboard in Resources */,
			);
			runOnlyForDeploymentPostprocessing = 0;
		};
		5276459D1CBD061100740D77 /* Resources */ = {
			isa = PBXResourcesBuildPhase;
			buildActionMask = 2147483647;
			files = (
			);
			runOnlyForDeploymentPostprocessing = 0;
		};
		527645A81CBD061100740D77 /* Resources */ = {
			isa = PBXResourcesBuildPhase;
			buildActionMask = 2147483647;
			files = (
			);
			runOnlyForDeploymentPostprocessing = 0;
		};
/* End PBXResourcesBuildPhase section */

/* Begin PBXSourcesBuildPhase section */
		527645821CBD061100740D77 /* Sources */ = {
			isa = PBXSourcesBuildPhase;
			buildActionMask = 2147483647;
			files = (
				527645911CBD061100740D77 /* ViewController.m in Sources */,
				5276458E1CBD061100740D77 /* AppDelegate.m in Sources */,
				5276458B1CBD061100740D77 /* main.m in Sources */,
			);
			runOnlyForDeploymentPostprocessing = 0;
		};
		5276459B1CBD061100740D77 /* Sources */ = {
			isa = PBXSourcesBuildPhase;
			buildActionMask = 2147483647;
			files = (
				527645A41CBD061100740D77 /* CustomPickerUsingThreeLabelsTests.m in Sources */,
			);
			runOnlyForDeploymentPostprocessing = 0;
		};
		527645A61CBD061100740D77 /* Sources */ = {
			isa = PBXSourcesBuildPhase;
			buildActionMask = 2147483647;
			files = (
				527645AF1CBD061100740D77 /* CustomPickerUsingThreeLabelsUITests.m in Sources */,
			);
			runOnlyForDeploymentPostprocessing = 0;
		};
/* End PBXSourcesBuildPhase section */

/* Begin PBXTargetDependency section */
		527645A11CBD061100740D77 /* PBXTargetDependency */ = {
			isa = PBXTargetDependency;
			target = 527645851CBD061100740D77 /* CustomPickerUsingThreeLabels */;
			targetProxy = 527645A01CBD061100740D77 /* PBXContainerItemProxy */;
		};
		527645AC1CBD061100740D77 /* PBXTargetDependency */ = {
			isa = PBXTargetDependency;
			target = 527645851CBD061100740D77 /* CustomPickerUsingThreeLabels */;
			targetProxy = 527645AB1CBD061100740D77 /* PBXContainerItemProxy */;
		};
/* End PBXTargetDependency section */

/* Begin PBXVariantGroup section */
		527645921CBD061100740D77 /* Main.storyboard */ = {
			isa = PBXVariantGroup;
			children = (
				527645931CBD061100740D77 /* Base */,
			);
			name = Main.storyboard;
			sourceTree = "<group>";
		};
		527645971CBD061100740D77 /* LaunchScreen.storyboard */ = {
			isa = PBXVariantGroup;
			children = (
				527645981CBD061100740D77 /* Base */,
			);
			name = LaunchScreen.storyboard;
			sourceTree = "<group>";
		};
/* End PBXVariantGroup section */

/* Begin XCBuildConfiguration section */
		527645B11CBD061100740D77 /* Debug */ = {
			isa = XCBuildConfiguration;
			buildSettings = {
				ALWAYS_SEARCH_USER_PATHS = NO;
				CLANG_ANALYZER_NONNULL = YES;
				CLANG_CXX_LANGUAGE_STANDARD = "gnu++0x";
				CLANG_CXX_LIBRARY = "libc++";
				CLANG_ENABLE_MODULES = YES;
				CLANG_ENABLE_OBJC_ARC = YES;
				CLANG_WARN_BOOL_CONVERSION = YES;
				CLANG_WARN_CONSTANT_CONVERSION = YES;
				CLANG_WARN_DIRECT_OBJC_ISA_USAGE = YES_ERROR;
				CLANG_WARN_EMPTY_BODY = YES;
				CLANG_WARN_ENUM_CONVERSION = YES;
				CLANG_WARN_INT_CONVERSION = YES;
				CLANG_WARN_OBJC_ROOT_CLASS = YES_ERROR;
				CLANG_WARN_UNREACHABLE_CODE = YES;
				CLANG_WARN__DUPLICATE_METHOD_MATCH = YES;
				"CODE_SIGN_IDENTITY[sdk=iphoneos*]" = "iPhone Developer";
				COPY_PHASE_STRIP = NO;
				DEBUG_INFORMATION_FORMAT = dwarf;
				ENABLE_STRICT_OBJC_MSGSEND = YES;
				ENABLE_TESTABILITY = YES;
				GCC_C_LANGUAGE_STANDARD = gnu99;
				GCC_DYNAMIC_NO_PIC = NO;
				GCC_NO_COMMON_BLOCKS = YES;
				GCC_OPTIMIZATION_LEVEL = 0;
				GCC_PREPROCESSOR_DEFINITIONS = (
					"DEBUG=1",
					"$(inherited)",
				);
				GCC_WARN_64_TO_32_BIT_CONVERSION = YES;
				GCC_WARN_ABOUT_RETURN_TYPE = YES_ERROR;
				GCC_WARN_UNDECLARED_SELECTOR = YES;
				GCC_WARN_UNINITIALIZED_AUTOS = YES_AGGRESSIVE;
				GCC_WARN_UNUSED_FUNCTION = YES;
				GCC_WARN_UNUSED_VARIABLE = YES;
				IPHONEOS_DEPLOYMENT_TARGET = 9.3;
				MTL_ENABLE_DEBUG_INFO = YES;
				ONLY_ACTIVE_ARCH = YES;
				SDKROOT = iphoneos;
				TARGETED_DEVICE_FAMILY = "1,2";
			};
			name = Debug;
		};
		527645B21CBD061100740D77 /* Release */ = {
			isa = XCBuildConfiguration;
			buildSettings = {
				ALWAYS_SEARCH_USER_PATHS = NO;
				CLANG_ANALYZER_NONNULL = YES;
				CLANG_CXX_LANGUAGE_STANDARD = "gnu++0x";
				CLANG_CXX_LIBRARY = "libc++";
				CLANG_ENABLE_MODULES = YES;
				CLANG_ENABLE_OBJC_ARC = YES;
				CLANG_WARN_BOOL_CONVERSION = YES;
				CLANG_WARN_CONSTANT_CONVERSION = YES;
				CLANG_WARN_DIRECT_OBJC_ISA_USAGE = YES_ERROR;
				CLANG_WARN_EMPTY_BODY = YES;
				CLANG_WARN_ENUM_CONVERSION = YES;
				CLANG_WARN_INT_CONVERSION = YES;
				CLANG_WARN_OBJC_ROOT_CLASS = YES_ERROR;
				CLANG_WARN_UNREACHABLE_CODE = YES;
				CLANG_WARN__DUPLICATE_METHOD_MATCH = YES;
				"CODE_SIGN_IDENTITY[sdk=iphoneos*]" = "iPhone Developer";
				COPY_PHASE_STRIP = NO;
				DEBUG_INFORMATION_FORMAT = "dwarf-with-dsym";
				ENABLE_NS_ASSERTIONS = NO;
				ENABLE_STRICT_OBJC_MSGSEND = YES;
				GCC_C_LANGUAGE_STANDARD = gnu99;
				GCC_NO_COMMON_BLOCKS = YES;
				GCC_WARN_64_TO_32_BIT_CONVERSION = YES;
				GCC_WARN_ABOUT_RETURN_TYPE = YES_ERROR;
				GCC_WARN_UNDECLARED_SELECTOR = YES;
				GCC_WARN_UNINITIALIZED_AUTOS = YES_AGGRESSIVE;
				GCC_WARN_UNUSED_FUNCTION = YES;
				GCC_WARN_UNUSED_VARIABLE = YES;
				IPHONEOS_DEPLOYMENT_TARGET = 9.3;
				MTL_ENABLE_DEBUG_INFO = NO;
				SDKROOT = iphoneos;
				TARGETED_DEVICE_FAMILY = "1,2";
				VALIDATE_PRODUCT = YES;
			};
			name = Release;
		};
		527645B41CBD061100740D77 /* Debug */ = {
			isa = XCBuildConfiguration;
			buildSettings = {
				ASSETCATALOG_COMPILER_APPICON_NAME = AppIcon;
				INFOPLIST_FILE = CustomPickerUsingThreeLabels/Info.plist;
				LD_RUNPATH_SEARCH_PATHS = "$(inherited) @executable_path/Frameworks";
				PRODUCT_BUNDLE_IDENTIFIER = Mahaboob.CustomPickerUsingThreeLabels;
				PRODUCT_NAME = "$(TARGET_NAME)";
			};
			name = Debug;
		};
		527645B51CBD061100740D77 /* Release */ = {
			isa = XCBuildConfiguration;
			buildSettings = {
				ASSETCATALOG_COMPILER_APPICON_NAME = AppIcon;
				INFOPLIST_FILE = CustomPickerUsingThreeLabels/Info.plist;
				LD_RUNPATH_SEARCH_PATHS = "$(inherited) @executable_path/Frameworks";
				PRODUCT_BUNDLE_IDENTIFIER = Mahaboob.CustomPickerUsingThreeLabels;
				PRODUCT_NAME = "$(TARGET_NAME)";
			};
			name = Release;
		};
		527645B71CBD061100740D77 /* Debug */ = {
			isa = XCBuildConfiguration;
			buildSettings = {
				BUNDLE_LOADER = "$(TEST_HOST)";
				INFOPLIST_FILE = CustomPickerUsingThreeLabelsTests/Info.plist;
				LD_RUNPATH_SEARCH_PATHS = "$(inherited) @executable_path/Frameworks @loader_path/Frameworks";
				PRODUCT_BUNDLE_IDENTIFIER = Mahaboob.CustomPickerUsingThreeLabelsTests;
				PRODUCT_NAME = "$(TARGET_NAME)";
				TEST_HOST = "$(BUILT_PRODUCTS_DIR)/CustomPickerUsingThreeLabels.app/CustomPickerUsingThreeLabels";
			};
			name = Debug;
		};
		527645B81CBD061100740D77 /* Release */ = {
			isa = XCBuildConfiguration;
			buildSettings = {
				BUNDLE_LOADER = "$(TEST_HOST)";
				INFOPLIST_FILE = CustomPickerUsingThreeLabelsTests/Info.plist;
				LD_RUNPATH_SEARCH_PATHS = "$(inherited) @executable_path/Frameworks @loader_path/Frameworks";
				PRODUCT_BUNDLE_IDENTIFIER = Mahaboob.CustomPickerUsingThreeLabelsTests;
				PRODUCT_NAME = "$(TARGET_NAME)";
				TEST_HOST = "$(BUILT_PRODUCTS_DIR)/CustomPickerUsingThreeLabels.app/CustomPickerUsingThreeLabels";
			};
			name = Release;
		};
		527645BA1CBD061100740D77 /* Debug */ = {
			isa = XCBuildConfiguration;
			buildSettings = {
				INFOPLIST_FILE = CustomPickerUsingThreeLabelsUITests/Info.plist;
				LD_RUNPATH_SEARCH_PATHS = "$(inherited) @executable_path/Frameworks @loader_path/Frameworks";
				PRODUCT_BUNDLE_IDENTIFIER = Mahaboob.CustomPickerUsingThreeLabelsUITests;
				PRODUCT_NAME = "$(TARGET_NAME)";
				TEST_TARGET_NAME = CustomPickerUsingThreeLabels;
			};
			name = Debug;
		};
		527645BB1CBD061100740D77 /* Release */ = {
			isa = XCBuildConfiguration;
			buildSettings = {
				INFOPLIST_FILE = CustomPickerUsingThreeLabelsUITests/Info.plist;
				LD_RUNPATH_SEARCH_PATHS = "$(inherited) @executable_path/Frameworks @loader_path/Frameworks";
				PRODUCT_BUNDLE_IDENTIFIER = Mahaboob.CustomPickerUsingThreeLabelsUITests;
				PRODUCT_NAME = "$(TARGET_NAME)";
				TEST_TARGET_NAME = CustomPickerUsingThreeLabels;
			};
			name = Release;
		};
/* End XCBuildConfiguration section */

/* Begin XCConfigurationList section */
		527645811CBD061100740D77 /* Build configuration list for PBXProject "CustomPickerUsingThreeLabels" */ = {
			isa = XCConfigurationList;
			buildConfigurations = (
				527645B11CBD061100740D77 /* Debug */,
				527645B21CBD061100740D77 /* Release */,
			);
			defaultConfigurationIsVisible = 0;
			defaultConfigurationName = Release;
		};
		527645B31CBD061100740D77 /* Build configuration list for PBXNativeTarget "CustomPickerUsingThreeLabels" */ = {
			isa = XCConfigurationList;
			buildConfigurations = (
				527645B41CBD061100740D77 /* Debug */,
				527645B51CBD061100740D77 /* Release */,
			);
			defaultConfigurationIsVisible = 0;
		};
		527645B61CBD061100740D77 /* Build configuration list for PBXNativeTarget "CustomPickerUsingThreeLabelsTests" */ = {
			isa = XCConfigurationList;
			buildConfigurations = (
				527645B71CBD061100740D77 /* Debug */,
				527645B81CBD061100740D77 /* Release */,
			);
			defaultConfigurationIsVisible = 0;
		};
		527645B91CBD061100740D77 /* Build configuration list for PBXNativeTarget "CustomPickerUsingThreeLabelsUITests" */ = {
			isa = XCConfigurationList;
			buildConfigurations = (
				527645BA1CBD061100740D77 /* Debug */,
				527645BB1CBD061100740D77 /* Release */,
			);
			defaultConfigurationIsVisible = 0;
		};
/* End XCConfigurationList section */
	};
	rootObject = 5276457E1CBD061100740D77 /* Project object */;
}
